
Microsoft Visual Studio Solution File, Format Version 12.00
# Visual Studio Version 17
VisualStudioVersion = 17.7.34202.233
MinimumVisualStudioVersion = 10.0.40219.1
Project("{FAE04EC0-301F-11D3-BF4B-00C04F79EFBC}") = "IRDb", "IRDb.csproj", "{F8A8624A-020E-4DCB-A2F5-E5247097D616}"
EndProject
Global
	GlobalSection(SolutionConfigurationPlatforms) = preSolution
		Debug|Any CPU = Debug|Any CPU
		Release|Any CPU = Release|Any CPU
	EndGlobalSection
	GlobalSection(ProjectConfigurationPlatforms) = postSolution
		{F8A8624A-020E-4DCB-A2F5-E5247097D616}.Debug|Any CPU.ActiveCfg = Debug|Any CPU
		{F8A8624A-020E-4DCB-A2F5-E5247097D616}.Debug|Any CPU.Build.0 = Debug|Any CPU
		{F8A8624A-020E-4DCB-A2F5-E5247097D616}.Release|Any CPU.ActiveCfg = Release|Any CPU
		{F8A8624A-020E-4DCB-A2F5-E5247097D616}.Release|Any CPU.Build.0 = Release|Any CPU
	EndGlobalSection
	GlobalSection(SolutionProperties) = preSolution
		HideSolutionNode = FALSE
	EndGlobalSection
	GlobalSection(ExtensibilityGlobals) = postSolution
		SolutionGuid = {39F31DB2-22CD-47CA-B2C7-9C50E6D53CAF}
	EndGlobalSection
EndGlobal
